
Microsoft Visual Studio Solution File, Format Version 12.00
# Visual Studio Version 16
VisualStudioVersion = 16.0.29403.142
MinimumVisualStudioVersion = 10.0.40219.1
Project("{FAE04EC0-301F-11D3-BF4B-00C04F79EFBC}") = "WEB191010", "WEB191010\WEB191010.csproj", "{40F3D438-9124-435F-9500-3632946E172A}"
EndProject
Global
	GlobalSection(SolutionConfigurationPlatforms) = preSolution
		Debug|Any CPU = Debug|Any CPU
		Release|Any CPU = Release|Any CPU
	EndGlobalSection
	GlobalSection(ProjectConfigurationPlatforms) = postSolution
		{40F3D438-9124-435F-9500-3632946E172A}.Debug|Any CPU.ActiveCfg = Debug|Any CPU
		{40F3D438-9124-435F-9500-3632946E172A}.Debug|Any CPU.Build.0 = Debug|Any CPU
		{40F3D438-9124-435F-9500-3632946E172A}.Release|Any CPU.ActiveCfg = Release|Any CPU
		{40F3D438-9124-435F-9500-3632946E172A}.Release|Any CPU.Build.0 = Release|Any CPU
	EndGlobalSection
	GlobalSection(SolutionProperties) = preSolution
		HideSolutionNode = FALSE
	EndGlobalSection
	GlobalSection(ExtensibilityGlobals) = postSolution
		SolutionGuid = {31F257A1-0155-4FDC-BFA7-1E82D145DD00}
	EndGlobalSection
EndGlobal
